
Microsoft Visual Studio Solution File, Format Version 12.00
# Visual Studio 15
VisualStudioVersion = 15.0.27703.2026
MinimumVisualStudioVersion = 10.0.40219.1
Project("{9A19103F-16F7-4668-BE54-9A1E7A4F7556}") = "SpecificaThor", "Specificathor\SpecificaThor.csproj", "{AC338EEA-F639-4851-A036-6FBA9FE9F2C6}"
EndProject
Project("{9A19103F-16F7-4668-BE54-9A1E7A4F7556}") = "SampleTests", "SampleTests\SampleTests.csproj", "{09544A66-E4EE-48B9-BDAB-B3C73CA7FB56}"
EndProject
Project("{9A19103F-16F7-4668-BE54-9A1E7A4F7556}") = "SampleImplementation", "SampleImplementation\SampleImplementation.csproj", "{002550F9-CBE5-44FF-A0FA-3CC2A3C24629}"
EndProject
Global
	GlobalSection(SolutionConfigurationPlatforms) = preSolution
		Debug|Any CPU = Debug|Any CPU
		Release|Any CPU = Release|Any CPU
	EndGlobalSection
	GlobalSection(ProjectConfigurationPlatforms) = postSolution
		{AC338EEA-F639-4851-A036-6FBA9FE9F2C6}.Debug|Any CPU.ActiveCfg = Debug|Any CPU
		{AC338EEA-F639-4851-A036-6FBA9FE9F2C6}.Debug|Any CPU.Build.0 = Debug|Any CPU
		{AC338EEA-F639-4851-A036-6FBA9FE9F2C6}.Release|Any CPU.ActiveCfg = Release|Any CPU
		{AC338EEA-F639-4851-A036-6FBA9FE9F2C6}.Release|Any CPU.Build.0 = Release|Any CPU
		{09544A66-E4EE-48B9-BDAB-B3C73CA7FB56}.Debug|Any CPU.ActiveCfg = Debug|Any CPU
		{09544A66-E4EE-48B9-BDAB-B3C73CA7FB56}.Debug|Any CPU.Build.0 = Debug|Any CPU
		{09544A66-E4EE-48B9-BDAB-B3C73CA7FB56}.Release|Any CPU.ActiveCfg = Release|Any CPU
		{09544A66-E4EE-48B9-BDAB-B3C73CA7FB56}.Release|Any CPU.Build.0 = Release|Any CPU
		{002550F9-CBE5-44FF-A0FA-3CC2A3C24629}.Debug|Any CPU.ActiveCfg = Debug|Any CPU
		{002550F9-CBE5-44FF-A0FA-3CC2A3C24629}.Debug|Any CPU.Build.0 = Debug|Any CPU
		{002550F9-CBE5-44FF-A0FA-3CC2A3C24629}.Release|Any CPU.ActiveCfg = Release|Any CPU
		{002550F9-CBE5-44FF-A0FA-3CC2A3C24629}.Release|Any CPU.Build.0 = Release|Any CPU
	EndGlobalSection
	GlobalSection(SolutionProperties) = preSolution
		HideSolutionNode = FALSE
	EndGlobalSection
	GlobalSection(ExtensibilityGlobals) = postSolution
		SolutionGuid = {27AE2CA8-AE69-4AA7-8FB2-BCEB19F7BDE7}
	EndGlobalSection
EndGlobal
