
Microsoft Visual Studio Solution File, Format Version 12.00
# Visual Studio Version 16
VisualStudioVersion = 16.0.29306.81
MinimumVisualStudioVersion = 10.0.40219.1
Project("{9A19103F-16F7-4668-BE54-9A1E7A4F7556}") = "SpecificaThor", "src\Specificathor\SpecificaThor.csproj", "{AC338EEA-F639-4851-A036-6FBA9FE9F2C6}"
EndProject
Project("{9A19103F-16F7-4668-BE54-9A1E7A4F7556}") = "SpecificaThor.Tests", "test\SpecificaThor.Tests\SpecificaThor.Tests.csproj", "{347DDBA1-E1FC-4D4B-A7CB-DFBE3DE08F48}"
EndProject
Project("{2150E333-8FDC-42A3-9474-1A3956D46DE8}") = "test", "test", "{22EC20F2-D392-42E5-A00F-D48676C21DDE}"
EndProject
Global
	GlobalSection(SolutionConfigurationPlatforms) = preSolution
		Debug|Any CPU = Debug|Any CPU
		Release|Any CPU = Release|Any CPU
	EndGlobalSection
	GlobalSection(ProjectConfigurationPlatforms) = postSolution
		{AC338EEA-F639-4851-A036-6FBA9FE9F2C6}.Debug|Any CPU.ActiveCfg = Debug|Any CPU
		{AC338EEA-F639-4851-A036-6FBA9FE9F2C6}.Debug|Any CPU.Build.0 = Debug|Any CPU
		{AC338EEA-F639-4851-A036-6FBA9FE9F2C6}.Release|Any CPU.ActiveCfg = Release|Any CPU
		{AC338EEA-F639-4851-A036-6FBA9FE9F2C6}.Release|Any CPU.Build.0 = Release|Any CPU
		{347DDBA1-E1FC-4D4B-A7CB-DFBE3DE08F48}.Debug|Any CPU.ActiveCfg = Debug|Any CPU
		{347DDBA1-E1FC-4D4B-A7CB-DFBE3DE08F48}.Debug|Any CPU.Build.0 = Debug|Any CPU
		{347DDBA1-E1FC-4D4B-A7CB-DFBE3DE08F48}.Release|Any CPU.ActiveCfg = Release|Any CPU
		{347DDBA1-E1FC-4D4B-A7CB-DFBE3DE08F48}.Release|Any CPU.Build.0 = Release|Any CPU
	EndGlobalSection
	GlobalSection(SolutionProperties) = preSolution
		HideSolutionNode = FALSE
	EndGlobalSection
	GlobalSection(NestedProjects) = preSolution
		{347DDBA1-E1FC-4D4B-A7CB-DFBE3DE08F48} = {22EC20F2-D392-42E5-A00F-D48676C21DDE}
	EndGlobalSection
	GlobalSection(ExtensibilityGlobals) = postSolution
		SolutionGuid = {27AE2CA8-AE69-4AA7-8FB2-BCEB19F7BDE7}
	EndGlobalSection
EndGlobal
